<?xml version="1.0" encoding="utf-8"?>
<Project ToolsVersion="4.0" xmlns="http://schemas.microsoft.com/developer/msbuild/2003">
  <ItemGroup>
    <Filter Include="Source Files">
      <UniqueIdentifier>{4FC737F1-C7A5-4376-A066-2A32D752A2FF}</UniqueIdentifier>
      <Extensions>cpp;c;cc;cxx;def;odl;idl;hpj;bat;asm;asmx</Extensions>
    </Filter>
    <Filter Include="Header Files">
      <UniqueIdentifier>{93995380-89BD-4b04-88EB-625FBE52EBFB}</UniqueIdentifier>
      <Extensions>h;hpp;hxx;hm;inl;inc;xsd</Extensions>
    </Filter>
    <Filter Include="Resource Files">
      <UniqueIdentifier>{67DA6AB6-F800-4c08-8B7A-83BB121AAD01}</UniqueIdentifier>
      <Extensions>rc;ico;cur;bmp;dlg;rc2;rct;bin;rgs;gif;jpg;jpeg;jpe;resx;tiff;tif;png;wav;mfcribbon-ms</Extensions>
    </Filter>
  </ItemGroup>
  <ItemGroup>
    <ClCompile Include="game.cpp">
      <Filter>Source Files</Filter>
    </ClCompile>
    <ClCompile Include="Enemigo.cpp">
      <Filter>Source Files</Filter>
    </ClCompile>
    <ClCompile Include="VecEnemigos.cpp">
      <Filter>Source Files</Filter>
    </ClCompile>
    <ClCompile Include="juego.cpp">
      <Filter>Source Files</Filter>
    </ClCompile>
    <ClCompile Include="Bala.cpp">
      <Filter>Source Files</Filter>
    </ClCompile>
  </ItemGroup>
  <ItemGroup>
    <ClInclude Include="Enemigo.h">
      <Filter>Header Files</Filter>
    </ClInclude>
    <ClInclude Include="VecEnemigos.h">
      <Filter>Header Files</Filter>
    </ClInclude>
    <ClInclude Include="Bala.h">
      <Filter>Header Files</Filter>
    </ClInclude>
    <ClInclude Include="juego.h">
      <Filter>Header Files</Filter>
    </ClInclude>
  </ItemGroup>
  <ItemGroup>
    <Media Include="sounds\boom.wav">
      <Filter>Resource Files</Filter>
    </Media>
    <Media Include="sounds\ruby_000A_transPortal.wav">
      <Filter>Resource Files</Filter>
    </Media>
    <Media Include="sounds\ruby_003B_Visor.wav">
      <Filter>Resource Files</Filter>
    </Media>
    <Media Include="sounds\ruby_004F_colisPkblEnemio.wav">
      <Filter>Resource Files</Filter>
    </Media>
    <Media Include="sounds\ruby_0005_menuInicial.wav">
      <Filter>Resource Files</Filter>
    </Media>
    <Media Include="sounds\ruby_005F_cogiendoItem.wav">
      <Filter>Resource Files</Filter>
    </Media>
    <Media Include="sounds\ruby_0006_pasandoSalida.wav">
      <Filter>Resource Files</Filter>
    </Media>
    <Media Include="sounds\ruby_006C_cambioColor.wav">
      <Filter>Resource Files</Filter>
    </Media>
    <Media Include="sounds\ruby_006D_menuSelec.wav">
      <Filter>Resource Files</Filter>
    </Media>
    <Media Include="sounds\ruby_006E_PausaJuegoContinua.wav">
      <Filter>Resource Files</Filter>
    </Media>
    <Media Include="sounds\ruby_006F_PausaJuego.wav">
      <Filter>Resource Files</Filter>
    </Media>
    <Media Include="sounds\ruby_0007_chocandoPared.wav">
      <Filter>Resource Files</Filter>
    </Media>
    <Media Include="sounds\ruby_0008_colisConEnemigo.wav">
      <Filter>Resource Files</Filter>
    </Media>
    <Media Include="sounds\ruby_0012_enemigoSaliendo.wav">
      <Filter>Resource Files</Filter>
    </Media>
    <Media Include="sounds\ruby_0017_explosionPkblPared.wav">
      <Filter>Resource Files</Filter>
    </Media>
    <Media Include="sounds\ruby_0020_menuOpcIncorrecta.wav">
      <Filter>Resource Files</Filter>
    </Media>
    <Media Include="sounds\ruby_0022_lanzamientoPkBl.wav">
      <Filter>Resource Files</Filter>
    </Media>
    <Media Include="sounds\ruby_0074_pisada.wav">
      <Filter>Resource Files</Filter>
    </Media>
  </ItemGroup>
  <ItemGroup>
    <None Include="sounds\Music- Battle_Music-Trainer.ogg">
      <Filter>Resource Files</Filter>
    </None>
  </ItemGroup>
</Project>